
Microsoft Visual Studio Solution File, Format Version 12.00
# Visual Studio Version 16
VisualStudioVersion = 16.0.29920.165
MinimumVisualStudioVersion = 10.0.40219.1
Project("{FAE04EC0-301F-11D3-BF4B-00C04F79EFBC}") = "kredi", "kredi\kredi.csproj", "{A421C9C7-617E-4234-8C02-622A491BAFB5}"
EndProject
Global
	GlobalSection(SolutionConfigurationPlatforms) = preSolution
		Debug|Any CPU = Debug|Any CPU
		Release|Any CPU = Release|Any CPU
	EndGlobalSection
	GlobalSection(ProjectConfigurationPlatforms) = postSolution
		{A421C9C7-617E-4234-8C02-622A491BAFB5}.Debug|Any CPU.ActiveCfg = Debug|Any CPU
		{A421C9C7-617E-4234-8C02-622A491BAFB5}.Debug|Any CPU.Build.0 = Debug|Any CPU
		{A421C9C7-617E-4234-8C02-622A491BAFB5}.Release|Any CPU.ActiveCfg = Release|Any CPU
		{A421C9C7-617E-4234-8C02-622A491BAFB5}.Release|Any CPU.Build.0 = Release|Any CPU
	EndGlobalSection
	GlobalSection(SolutionProperties) = preSolution
		HideSolutionNode = FALSE
	EndGlobalSection
	GlobalSection(ExtensibilityGlobals) = postSolution
		SolutionGuid = {FB15900D-10B6-4E25-A0D3-1C4A2597D5D6}
	EndGlobalSection
EndGlobal
